
Microsoft Visual Studio Solution File, Format Version 12.00
# Visual Studio 15
Project("{FAE04EC0-301F-11D3-BF4B-00C04F79EFBC}") = "Mines-Sweeper", "Mines-Sweeper.csproj", "{EB26457F-0EFD-436B-B5B8-74377FDC4796}"
EndProject
Global
	GlobalSection(SolutionConfigurationPlatforms) = preSolution
		Debug|Any CPU = Debug|Any CPU
		Release|Any CPU = Release|Any CPU
	EndGlobalSection
	GlobalSection(ProjectConfigurationPlatforms) = postSolution
		{EB26457F-0EFD-436B-B5B8-74377FDC4796}.Debug|Any CPU.ActiveCfg = Debug|Any CPU
		{EB26457F-0EFD-436B-B5B8-74377FDC4796}.Debug|Any CPU.Build.0 = Debug|Any CPU
		{EB26457F-0EFD-436B-B5B8-74377FDC4796}.Release|Any CPU.ActiveCfg = Release|Any CPU
		{EB26457F-0EFD-436B-B5B8-74377FDC4796}.Release|Any CPU.Build.0 = Release|Any CPU
	EndGlobalSection
EndGlobal
